// !$*UTF8*$!
{
	archiveVersion = 1;
	classes = {
	};
	objectVersion = 55;
	objects = {

/* Begin PBXBuildFile section */
		84214192287870DE00D23B85 /* TicTacToeViewController.swift in Sources */ = {isa = PBXBuildFile; fileRef = 84214191287870DE00D23B85 /* TicTacToeViewController.swift */; };
		8423DBD828798C55009711B5 /* TwentyViewController.swift in Sources */ = {isa = PBXBuildFile; fileRef = 8423DBD728798C55009711B5 /* TwentyViewController.swift */; };
		8423DBDA28798E58009711B5 /* fifteenXOneViewController.swift in Sources */ = {isa = PBXBuildFile; fileRef = 8423DBD928798E58009711B5 /* fifteenXOneViewController.swift */; };
		84394CEF287828C6006CFBE4 /* AppDelegate.swift in Sources */ = {isa = PBXBuildFile; fileRef = 84394CEE287828C6006CFBE4 /* AppDelegate.swift */; };
		84394CF3287828C6006CFBE4 /* ViewController.swift in Sources */ = {isa = PBXBuildFile; fileRef = 84394CF2287828C6006CFBE4 /* ViewController.swift */; };
		84394CF6287828C6006CFBE4 /* Main.storyboard in Resources */ = {isa = PBXBuildFile; fileRef = 84394CF4287828C6006CFBE4 /* Main.storyboard */; };
		84394CF8287828C8006CFBE4 /* Assets.xcassets in Resources */ = {isa = PBXBuildFile; fileRef = 84394CF7287828C8006CFBE4 /* Assets.xcassets */; };
		84394CFB287828C8006CFBE4 /* LaunchScreen.storyboard in Resources */ = {isa = PBXBuildFile; fileRef = 84394CF9287828C8006CFBE4 /* LaunchScreen.storyboard */; };
		84394D0328782941006CFBE4 /* MainViewController.swift in Sources */ = {isa = PBXBuildFile; fileRef = 84394D0228782941006CFBE4 /* MainViewController.swift */; };
		84EF683528858FA800585EFE /* BaseViewController.swift in Sources */ = {isa = PBXBuildFile; fileRef = 84EF683428858FA800585EFE /* BaseViewController.swift */; };
		84F02D45289048D4003782A1 /* AnimationViewController.swift in Sources */ = {isa = PBXBuildFile; fileRef = 84F02D44289048D4003782A1 /* AnimationViewController.swift */; };
		84F62AA128853D1F0095E1A1 /* File.swift in Sources */ = {isa = PBXBuildFile; fileRef = 84F62AA028853D1F0095E1A1 /* File.swift */; };
		84F62AA32885460E0095E1A1 /* RegistorViewController.swift in Sources */ = {isa = PBXBuildFile; fileRef = 84F62AA22885460E0095E1A1 /* RegistorViewController.swift */; };
		84FE5471288BE2FD00DBA085 /* 777TableViewCell.swift in Sources */ = {isa = PBXBuildFile; fileRef = 84FE5470288BE2FD00DBA085 /* 777TableViewCell.swift */; };
/* End PBXBuildFile section */

/* Begin PBXFileReference section */
		84214191287870DE00D23B85 /* TicTacToeViewController.swift */ = {isa = PBXFileReference; lastKnownFileType = sourcecode.swift; path = TicTacToeViewController.swift; sourceTree = "<group>"; };
		8423DBD728798C55009711B5 /* TwentyViewController.swift */ = {isa = PBXFileReference; lastKnownFileType = sourcecode.swift; path = TwentyViewController.swift; sourceTree = "<group>"; };
		8423DBD928798E58009711B5 /* fifteenXOneViewController.swift */ = {isa = PBXFileReference; lastKnownFileType = sourcecode.swift; path = fifteenXOneViewController.swift; sourceTree = "<group>"; };
		84394CEB287828C6006CFBE4 /* MyGames.app */ = {isa = PBXFileReference; explicitFileType = wrapper.application; includeInIndex = 0; path = MyGames.app; sourceTree = BUILT_PRODUCTS_DIR; };
		84394CEE287828C6006CFBE4 /* AppDelegate.swift */ = {isa = PBXFileReference; lastKnownFileType = sourcecode.swift; path = AppDelegate.swift; sourceTree = "<group>"; };
		84394CF2287828C6006CFBE4 /* ViewController.swift */ = {isa = PBXFileReference; lastKnownFileType = sourcecode.swift; path = ViewController.swift; sourceTree = "<group>"; };
		84394CF5287828C6006CFBE4 /* Base */ = {isa = PBXFileReference; lastKnownFileType = file.storyboard; name = Base; path = Base.lproj/Main.storyboard; sourceTree = "<group>"; };
		84394CF7287828C8006CFBE4 /* Assets.xcassets */ = {isa = PBXFileReference; lastKnownFileType = folder.assetcatalog; path = Assets.xcassets; sourceTree = "<group>"; };
		84394CFA287828C8006CFBE4 /* Base */ = {isa = PBXFileReference; lastKnownFileType = file.storyboard; name = Base; path = Base.lproj/LaunchScreen.storyboard; sourceTree = "<group>"; };
		84394CFC287828C8006CFBE4 /* Info.plist */ = {isa = PBXFileReference; lastKnownFileType = text.plist.xml; path = Info.plist; sourceTree = "<group>"; };
		84394D0228782941006CFBE4 /* MainViewController.swift */ = {isa = PBXFileReference; lastKnownFileType = sourcecode.swift; path = MainViewController.swift; sourceTree = "<group>"; };
		84EF683428858FA800585EFE /* BaseViewController.swift */ = {isa = PBXFileReference; lastKnownFileType = sourcecode.swift; path = BaseViewController.swift; sourceTree = "<group>"; };
		84F02D44289048D4003782A1 /* AnimationViewController.swift */ = {isa = PBXFileReference; lastKnownFileType = sourcecode.swift; path = AnimationViewController.swift; sourceTree = "<group>"; };
		84F62AA028853D1F0095E1A1 /* File.swift */ = {isa = PBXFileReference; lastKnownFileType = sourcecode.swift; path = File.swift; sourceTree = "<group>"; };
		84F62AA22885460E0095E1A1 /* RegistorViewController.swift */ = {isa = PBXFileReference; lastKnownFileType = sourcecode.swift; path = RegistorViewController.swift; sourceTree = "<group>"; };
		84FE5470288BE2FD00DBA085 /* 777TableViewCell.swift */ = {isa = PBXFileReference; lastKnownFileType = sourcecode.swift; path = 777TableViewCell.swift; sourceTree = "<group>"; };
/* End PBXFileReference section */

/* Begin PBXFrameworksBuildPhase section */
		84394CE8287828C6006CFBE4 /* Frameworks */ = {
			isa = PBXFrameworksBuildPhase;
			buildActionMask = 2147483647;
			files = (
			);
			runOnlyForDeploymentPostprocessing = 0;
		};
/* End PBXFrameworksBuildPhase section */

/* Begin PBXGroup section */
		84394CE2287828C6006CFBE4 = {
			isa = PBXGroup;
			children = (
				84394CED287828C6006CFBE4 /* MyGames */,
				84394CEC287828C6006CFBE4 /* Products */,
			);
			sourceTree = "<group>";
		};
		84394CEC287828C6006CFBE4 /* Products */ = {
			isa = PBXGroup;
			children = (
				84394CEB287828C6006CFBE4 /* MyGames.app */,
			);
			name = Products;
			sourceTree = "<group>";
		};
		84394CED287828C6006CFBE4 /* MyGames */ = {
			isa = PBXGroup;
			children = (
				84394CEE287828C6006CFBE4 /* AppDelegate.swift */,
				84394CF2287828C6006CFBE4 /* ViewController.swift */,
				84394CF4287828C6006CFBE4 /* Main.storyboard */,
				84394CF7287828C8006CFBE4 /* Assets.xcassets */,
				84394CF9287828C8006CFBE4 /* LaunchScreen.storyboard */,
				84394CFC287828C8006CFBE4 /* Info.plist */,
				84EF683428858FA800585EFE /* BaseViewController.swift */,
				84F62AA22885460E0095E1A1 /* RegistorViewController.swift */,
				84394D0228782941006CFBE4 /* MainViewController.swift */,
				84214191287870DE00D23B85 /* TicTacToeViewController.swift */,
				8423DBD728798C55009711B5 /* TwentyViewController.swift */,
				8423DBD928798E58009711B5 /* fifteenXOneViewController.swift */,
				84F62AA028853D1F0095E1A1 /* File.swift */,
				84FE5470288BE2FD00DBA085 /* 777TableViewCell.swift */,
				84F02D44289048D4003782A1 /* AnimationViewController.swift */,
			);
			path = MyGames;
			sourceTree = "<group>";
		};
/* End PBXGroup section */

/* Begin PBXNativeTarget section */
		84394CEA287828C6006CFBE4 /* MyGames */ = {
			isa = PBXNativeTarget;
			buildConfigurationList = 84394CFF287828C8006CFBE4 /* Build configuration list for PBXNativeTarget "MyGames" */;
			buildPhases = (
				84394CE7287828C6006CFBE4 /* Sources */,
				84394CE8287828C6006CFBE4 /* Frameworks */,
				84394CE9287828C6006CFBE4 /* Resources */,
			);
			buildRules = (
			);
			dependencies = (
			);
			name = MyGames;
			productName = MyGames;
			productReference = 84394CEB287828C6006CFBE4 /* MyGames.app */;
			productType = "com.apple.product-type.application";
		};
/* End PBXNativeTarget section */

/* Begin PBXProject section */
		84394CE3287828C6006CFBE4 /* Project object */ = {
			isa = PBXProject;
			attributes = {
				BuildIndependentTargetsInParallel = 1;
				LastSwiftUpdateCheck = 1340;
				LastUpgradeCheck = 1340;
				TargetAttributes = {
					84394CEA287828C6006CFBE4 = {
						CreatedOnToolsVersion = 13.4.1;
					};
				};
			};
			buildConfigurationList = 84394CE6287828C6006CFBE4 /* Build configuration list for PBXProject "MyGames" */;
			compatibilityVersion = "Xcode 13.0";
			developmentRegion = en;
			hasScannedForEncodings = 0;
			knownRegions = (
				en,
				Base,
			);
			mainGroup = 84394CE2287828C6006CFBE4;
			productRefGroup = 84394CEC287828C6006CFBE4 /* Products */;
			projectDirPath = "";
			projectRoot = "";
			targets = (
				84394CEA287828C6006CFBE4 /* MyGames */,
			);
		};
/* End PBXProject section */

/* Begin PBXResourcesBuildPhase section */
		84394CE9287828C6006CFBE4 /* Resources */ = {
			isa = PBXResourcesBuildPhase;
			buildActionMask = 2147483647;
			files = (
				84394CFB287828C8006CFBE4 /* LaunchScreen.storyboard in Resources */,
				84394CF8287828C8006CFBE4 /* Assets.xcassets in Resources */,
				84394CF6287828C6006CFBE4 /* Main.storyboard in Resources */,
			);
			runOnlyForDeploymentPostprocessing = 0;
		};
/* End PBXResourcesBuildPhase section */

/* Begin PBXSourcesBuildPhase section */
		84394CE7287828C6006CFBE4 /* Sources */ = {
			isa = PBXSourcesBuildPhase;
			buildActionMask = 2147483647;
			files = (
				8423DBD828798C55009711B5 /* TwentyViewController.swift in Sources */,
				84394D0328782941006CFBE4 /* MainViewController.swift in Sources */,
				84F02D45289048D4003782A1 /* AnimationViewController.swift in Sources */,
				84F62AA128853D1F0095E1A1 /* File.swift in Sources */,
				84FE5471288BE2FD00DBA085 /* 777TableViewCell.swift in Sources */,
				84394CF3287828C6006CFBE4 /* ViewController.swift in Sources */,
				84394CEF287828C6006CFBE4 /* AppDelegate.swift in Sources */,
				84EF683528858FA800585EFE /* BaseViewController.swift in Sources */,
				84F62AA32885460E0095E1A1 /* RegistorViewController.swift in Sources */,
				8423DBDA28798E58009711B5 /* fifteenXOneViewController.swift in Sources */,
				84214192287870DE00D23B85 /* TicTacToeViewController.swift in Sources */,
			);
			runOnlyForDeploymentPostprocessing = 0;
		};
/* End PBXSourcesBuildPhase section */

/* Begin PBXVariantGroup section */
		84394CF4287828C6006CFBE4 /* Main.storyboard */ = {
			isa = PBXVariantGroup;
			children = (
				84394CF5287828C6006CFBE4 /* Base */,
			);
			name = Main.storyboard;
			sourceTree = "<group>";
		};
		84394CF9287828C8006CFBE4 /* LaunchScreen.storyboard */ = {
			isa = PBXVariantGroup;
			children = (
				84394CFA287828C8006CFBE4 /* Base */,
			);
			name = LaunchScreen.storyboard;
			sourceTree = "<group>";
		};
/* End PBXVariantGroup section */

/* Begin XCBuildConfiguration section */
		84394CFD287828C8006CFBE4 /* Debug */ = {
			isa = XCBuildConfiguration;
			buildSettings = {
				ALWAYS_SEARCH_USER_PATHS = NO;
				CLANG_ANALYZER_NONNULL = YES;
				CLANG_ANALYZER_NUMBER_OBJECT_CONVERSION = YES_AGGRESSIVE;
				CLANG_CXX_LANGUAGE_STANDARD = "gnu++17";
				CLANG_ENABLE_MODULES = YES;
				CLANG_ENABLE_OBJC_ARC = YES;
				CLANG_ENABLE_OBJC_WEAK = YES;
				CLANG_WARN_BLOCK_CAPTURE_AUTORELEASING = YES;
				CLANG_WARN_BOOL_CONVERSION = YES;
				CLANG_WARN_COMMA = YES;
				CLANG_WARN_CONSTANT_CONVERSION = YES;
				CLANG_WARN_DEPRECATED_OBJC_IMPLEMENTATIONS = YES;
				CLANG_WARN_DIRECT_OBJC_ISA_USAGE = YES_ERROR;
				CLANG_WARN_DOCUMENTATION_COMMENTS = YES;
				CLANG_WARN_EMPTY_BODY = YES;
				CLANG_WARN_ENUM_CONVERSION = YES;
				CLANG_WARN_INFINITE_RECURSION = YES;
				CLANG_WARN_INT_CONVERSION = YES;
				CLANG_WARN_NON_LITERAL_NULL_CONVERSION = YES;
				CLANG_WARN_OBJC_IMPLICIT_RETAIN_SELF = YES;
				CLANG_WARN_OBJC_LITERAL_CONVERSION = YES;
				CLANG_WARN_OBJC_ROOT_CLASS = YES_ERROR;
				CLANG_WARN_QUOTED_INCLUDE_IN_FRAMEWORK_HEADER = YES;
				CLANG_WARN_RANGE_LOOP_ANALYSIS = YES;
				CLANG_WARN_STRICT_PROTOTYPES = YES;
				CLANG_WARN_SUSPICIOUS_MOVE = YES;
				CLANG_WARN_UNGUARDED_AVAILABILITY = YES_AGGRESSIVE;
				CLANG_WARN_UNREACHABLE_CODE = YES;
				CLANG_WARN__DUPLICATE_METHOD_MATCH = YES;
				COPY_PHASE_STRIP = NO;
				DEBUG_INFORMATION_FORMAT = dwarf;
				ENABLE_STRICT_OBJC_MSGSEND = YES;
				ENABLE_TESTABILITY = YES;
				GCC_C_LANGUAGE_STANDARD = gnu11;
				GCC_DYNAMIC_NO_PIC = NO;
				GCC_NO_COMMON_BLOCKS = YES;
				GCC_OPTIMIZATION_LEVEL = 0;
				GCC_PREPROCESSOR_DEFINITIONS = (
					"DEBUG=1",
					"$(inherited)",
				);
				GCC_WARN_64_TO_32_BIT_CONVERSION = YES;
				GCC_WARN_ABOUT_RETURN_TYPE = YES_ERROR;
				GCC_WARN_UNDECLARED_SELECTOR = YES;
				GCC_WARN_UNINITIALIZED_AUTOS = YES_AGGRESSIVE;
				GCC_WARN_UNUSED_FUNCTION = YES;
				GCC_WARN_UNUSED_VARIABLE = YES;
				IPHONEOS_DEPLOYMENT_TARGET = 15.5;
				MTL_ENABLE_DEBUG_INFO = INCLUDE_SOURCE;
				MTL_FAST_MATH = YES;
				ONLY_ACTIVE_ARCH = YES;
				SDKROOT = iphoneos;
				SWIFT_ACTIVE_COMPILATION_CONDITIONS = DEBUG;
				SWIFT_OPTIMIZATION_LEVEL = "-Onone";
			};
			name = Debug;
		};
		84394CFE287828C8006CFBE4 /* Release */ = {
			isa = XCBuildConfiguration;
			buildSettings = {
				ALWAYS_SEARCH_USER_PATHS = NO;
				CLANG_ANALYZER_NONNULL = YES;
				CLANG_ANALYZER_NUMBER_OBJECT_CONVERSION = YES_AGGRESSIVE;
				CLANG_CXX_LANGUAGE_STANDARD = "gnu++17";
				CLANG_ENABLE_MODULES = YES;
				CLANG_ENABLE_OBJC_ARC = YES;
				CLANG_ENABLE_OBJC_WEAK = YES;
				CLANG_WARN_BLOCK_CAPTURE_AUTORELEASING = YES;
				CLANG_WARN_BOOL_CONVERSION = YES;
				CLANG_WARN_COMMA = YES;
				CLANG_WARN_CONSTANT_CONVERSION = YES;
				CLANG_WARN_DEPRECATED_OBJC_IMPLEMENTATIONS = YES;
				CLANG_WARN_DIRECT_OBJC_ISA_USAGE = YES_ERROR;
				CLANG_WARN_DOCUMENTATION_COMMENTS = YES;
				CLANG_WARN_EMPTY_BODY = YES;
				CLANG_WARN_ENUM_CONVERSION = YES;
				CLANG_WARN_INFINITE_RECURSION = YES;
				CLANG_WARN_INT_CONVERSION = YES;
				CLANG_WARN_NON_LITERAL_NULL_CONVERSION = YES;
				CLANG_WARN_OBJC_IMPLICIT_RETAIN_SELF = YES;
				CLANG_WARN_OBJC_LITERAL_CONVERSION = YES;
				CLANG_WARN_OBJC_ROOT_CLASS = YES_ERROR;
				CLANG_WARN_QUOTED_INCLUDE_IN_FRAMEWORK_HEADER = YES;
				CLANG_WARN_RANGE_LOOP_ANALYSIS = YES;
				CLANG_WARN_STRICT_PROTOTYPES = YES;
				CLANG_WARN_SUSPICIOUS_MOVE = YES;
				CLANG_WARN_UNGUARDED_AVAILABILITY = YES_AGGRESSIVE;
				CLANG_WARN_UNREACHABLE_CODE = YES;
				CLANG_WARN__DUPLICATE_METHOD_MATCH = YES;
				COPY_PHASE_STRIP = NO;
				DEBUG_INFORMATION_FORMAT = "dwarf-with-dsym";
				ENABLE_NS_ASSERTIONS = NO;
				ENABLE_STRICT_OBJC_MSGSEND = YES;
				GCC_C_LANGUAGE_STANDARD = gnu11;
				GCC_NO_COMMON_BLOCKS = YES;
				GCC_WARN_64_TO_32_BIT_CONVERSION = YES;
				GCC_WARN_ABOUT_RETURN_TYPE = YES_ERROR;
				GCC_WARN_UNDECLARED_SELECTOR = YES;
				GCC_WARN_UNINITIALIZED_AUTOS = YES_AGGRESSIVE;
				GCC_WARN_UNUSED_FUNCTION = YES;
				GCC_WARN_UNUSED_VARIABLE = YES;
				IPHONEOS_DEPLOYMENT_TARGET = 15.5;
				MTL_ENABLE_DEBUG_INFO = NO;
				MTL_FAST_MATH = YES;
				SDKROOT = iphoneos;
				SWIFT_COMPILATION_MODE = wholemodule;
				SWIFT_OPTIMIZATION_LEVEL = "-O";
				VALIDATE_PRODUCT = YES;
			};
			name = Release;
		};
		84394D00287828C8006CFBE4 /* Debug */ = {
			isa = XCBuildConfiguration;
			buildSettings = {
				ASSETCATALOG_COMPILER_APPICON_NAME = AppIcon;
				ASSETCATALOG_COMPILER_GLOBAL_ACCENT_COLOR_NAME = AccentColor;
				CODE_SIGN_STYLE = Automatic;
				CURRENT_PROJECT_VERSION = 1;
				DEVELOPMENT_TEAM = YRNP9424GX;
				GENERATE_INFOPLIST_FILE = YES;
				INFOPLIST_FILE = MyGames/Info.plist;
				INFOPLIST_KEY_UIApplicationSupportsIndirectInputEvents = YES;
				INFOPLIST_KEY_UILaunchStoryboardName = LaunchScreen;
				INFOPLIST_KEY_UIMainStoryboardFile = Main;
				INFOPLIST_KEY_UISupportedInterfaceOrientations_iPad = "UIInterfaceOrientationPortrait UIInterfaceOrientationPortraitUpsideDown UIInterfaceOrientationLandscapeLeft UIInterfaceOrientationLandscapeRight";
				INFOPLIST_KEY_UISupportedInterfaceOrientations_iPhone = "UIInterfaceOrientationPortrait UIInterfaceOrientationLandscapeLeft UIInterfaceOrientationLandscapeRight";
				IPHONEOS_DEPLOYMENT_TARGET = 12.0;
				LD_RUNPATH_SEARCH_PATHS = (
					"$(inherited)",
					"@executable_path/Frameworks",
				);
				MARKETING_VERSION = 1.0;
				PRODUCT_BUNDLE_IDENTIFIER = uz1.gffdgf.df.MyGames;
				PRODUCT_NAME = "$(TARGET_NAME)";
				SWIFT_EMIT_LOC_STRINGS = YES;
				SWIFT_VERSION = 5.0;
				TARGETED_DEVICE_FAMILY = "1,2";
			};
			name = Debug;
		};
		84394D01287828C8006CFBE4 /* Release */ = {
			isa = XCBuildConfiguration;
			buildSettings = {
				ASSETCATALOG_COMPILER_APPICON_NAME = AppIcon;
				ASSETCATALOG_COMPILER_GLOBAL_ACCENT_COLOR_NAME = AccentColor;
				CODE_SIGN_STYLE = Automatic;
				CURRENT_PROJECT_VERSION = 1;
				DEVELOPMENT_TEAM = YRNP9424GX;
				GENERATE_INFOPLIST_FILE = YES;
				INFOPLIST_FILE = MyGames/Info.plist;
				INFOPLIST_KEY_UIApplicationSupportsIndirectInputEvents = YES;
				INFOPLIST_KEY_UILaunchStoryboardName = LaunchScreen;
				INFOPLIST_KEY_UIMainStoryboardFile = Main;
				INFOPLIST_KEY_UISupportedInterfaceOrientations_iPad = "UIInterfaceOrientationPortrait UIInterfaceOrientationPortraitUpsideDown UIInterfaceOrientationLandscapeLeft UIInterfaceOrientationLandscapeRight";
				INFOPLIST_KEY_UISupportedInterfaceOrientations_iPhone = "UIInterfaceOrientationPortrait UIInterfaceOrientationLandscapeLeft UIInterfaceOrientationLandscapeRight";
				IPHONEOS_DEPLOYMENT_TARGET = 12.0;
				LD_RUNPATH_SEARCH_PATHS = (
					"$(inherited)",
					"@executable_path/Frameworks",
				);
				MARKETING_VERSION = 1.0;
				PRODUCT_BUNDLE_IDENTIFIER = uz1.gffdgf.df.MyGames;
				PRODUCT_NAME = "$(TARGET_NAME)";
				SWIFT_EMIT_LOC_STRINGS = YES;
				SWIFT_VERSION = 5.0;
				TARGETED_DEVICE_FAMILY = "1,2";
			};
			name = Release;
		};
/* End XCBuildConfiguration section */

/* Begin XCConfigurationList section */
		84394CE6287828C6006CFBE4 /* Build configuration list for PBXProject "MyGames" */ = {
			isa = XCConfigurationList;
			buildConfigurations = (
				84394CFD287828C8006CFBE4 /* Debug */,
				84394CFE287828C8006CFBE4 /* Release */,
			);
			defaultConfigurationIsVisible = 0;
			defaultConfigurationName = Release;
		};
		84394CFF287828C8006CFBE4 /* Build configuration list for PBXNativeTarget "MyGames" */ = {
			isa = XCConfigurationList;
			buildConfigurations = (
				84394D00287828C8006CFBE4 /* Debug */,
				84394D01287828C8006CFBE4 /* Release */,
			);
			defaultConfigurationIsVisible = 0;
			defaultConfigurationName = Release;
		};
/* End XCConfigurationList section */
	};
	rootObject = 84394CE3287828C6006CFBE4 /* Project object */;
}
